
Microsoft Visual Studio Solution File, Format Version 12.00
# Visual Studio 2015
Project("{FAE04EC0-301F-11D3-BF4B-00C04F79EFBC}") = "PennApps.CSharp.Plugins", "PennApps.CSharp.Plugins.csproj", "{74422C57-1F9B-8C40-96EA-DD70DEECBD85}"
EndProject
Project("{FAE04EC0-301F-11D3-BF4B-00C04F79EFBC}") = "PennApps.CSharp", "PennApps.CSharp.csproj", "{CC4D9DDE-CB42-0EBA-28D8-F8815A135096}"
EndProject
Project("{FAE04EC0-301F-11D3-BF4B-00C04F79EFBC}") = "PennApps.CSharp.Editor", "PennApps.CSharp.Editor.csproj", "{0268AC68-D46A-540F-B330-371347DFB062}"
EndProject
Global
	GlobalSection(SolutionConfigurationPlatforms) = preSolution
		Debug|Any CPU = Debug|Any CPU
		Release|Any CPU = Release|Any CPU
	EndGlobalSection
	GlobalSection(ProjectConfigurationPlatforms) = postSolution
		{74422C57-1F9B-8C40-96EA-DD70DEECBD85}.Debug|Any CPU.ActiveCfg = Debug|Any CPU
		{74422C57-1F9B-8C40-96EA-DD70DEECBD85}.Debug|Any CPU.Build.0 = Debug|Any CPU
		{74422C57-1F9B-8C40-96EA-DD70DEECBD85}.Release|Any CPU.ActiveCfg = Release|Any CPU
		{74422C57-1F9B-8C40-96EA-DD70DEECBD85}.Release|Any CPU.Build.0 = Release|Any CPU
		{CC4D9DDE-CB42-0EBA-28D8-F8815A135096}.Debug|Any CPU.ActiveCfg = Debug|Any CPU
		{CC4D9DDE-CB42-0EBA-28D8-F8815A135096}.Debug|Any CPU.Build.0 = Debug|Any CPU
		{CC4D9DDE-CB42-0EBA-28D8-F8815A135096}.Release|Any CPU.ActiveCfg = Release|Any CPU
		{CC4D9DDE-CB42-0EBA-28D8-F8815A135096}.Release|Any CPU.Build.0 = Release|Any CPU
		{0268AC68-D46A-540F-B330-371347DFB062}.Debug|Any CPU.ActiveCfg = Debug|Any CPU
		{0268AC68-D46A-540F-B330-371347DFB062}.Debug|Any CPU.Build.0 = Debug|Any CPU
		{0268AC68-D46A-540F-B330-371347DFB062}.Release|Any CPU.ActiveCfg = Release|Any CPU
		{0268AC68-D46A-540F-B330-371347DFB062}.Release|Any CPU.Build.0 = Release|Any CPU
	EndGlobalSection
	GlobalSection(SolutionProperties) = preSolution
		HideSolutionNode = FALSE
	EndGlobalSection
EndGlobal
